# Level Lock / Level Bolt
# APK: co.level.app 2.5.0.56 via apkeep (apk-pure), 2026-08-03

device:
  id: level-lock
  name: Level Bolt / Level Lock / Level Lock+ (Apple Home Keys)
  manufacturer: Level Home Inc. (acquired by Assa Abloy Sep 2024; reported shutting down Jun 2026)
  category: smart_lock
  safety_class: HIGH  # physical access control

transport:
  type: ble  # + Thread/Matter on Lock+ ; NFC key cards
  local_only: true  # via Apple HomeKit (HAP over BLE/Thread) or Matter-over-Thread

cloud:
  status: shutting_down  # AppleInsider 2026-06-26: team gutted, app/auto-unlock
                         # depend on Level online services
  setup_dependency: HomeKit pairing is local; Level account only needed for
                    guest passes / auto-unlock / history

ble:
  advertising:
    name_patterns: []  # TBD; adverts carry isHomekitPaired flag (per app strings)
    service_uuids: ["0000fe03-0000-1000-8000-00805f9b34fb"]  # hypothesis
  services:
    - uuid: "9161b202-1b4b-4727-a3ca-47b35cdcf5c1"
      name: level_gatt_service  # hypothesis from DEX strings
      characteristics:
        - uuid: "9161b203-1b4b-4727-a3ca-47b35cdcf5c1"
        - uuid: "9161b204-1b4b-4727-a3ca-47b35cdcf5c1"
        - uuid: "9161b205-1b4b-4727-a3ca-47b35cdcf5c1"
    - uuid: "256b4960-d04a-4a01-bebd-23f528e92855"
      name: unknown  # seen in DEX; role TBD

protocol:
  note: >
    Recommended local path is standard Apple HomeKit (HAP) over BLE (Bolt,
    Lock) or Thread (Lock+), plus Matter-over-Thread on Lock+ — both fully
    local with a HomePod/Apple TV or HA HomeKit Controller; no Level cloud in
    the lock/unlock path. Vendor's own BLE GATT protocol (Level Home app)
    is not publicly RE'd; UUIDs above are candidates from co.level.app 2.5.0.56.

status:
  apk_acquired: true        # co.level.app 2.5.0.56 xapk, sha256 ecf7655a...
  apk_decompiled: false     # strings/DEX scan only
  uuids_recovered: true     # candidates; roles unconfirmed
  protocol_recovered: false # vendor BLE protocol un-RE'd; HomeKit/Matter path standard
  hci_snoop_needed: true    # only if vendor-protocol control is desired
  reference: appleinsider.com/articles/26/06/26/level-lock-team-gutting-leaves-unanswered-questions
  open_questions:
    - HomeKit-over-BLE confirmed working on all pre-Thread models
    - vendor GATT characteristic roles/handshake
    - Assa Abloy migration plan (Yale Home?) and firmware continuity
